
Microsoft Visual Studio Solution File, Format Version 12.00
# Visual Studio Version 17
VisualStudioVersion = 17.2.32616.157
MinimumVisualStudioVersion = 10.0.40219.1
Project("{FAE04EC0-301F-11D3-BF4B-00C04F79EFBC}") = "Lesson03Ex1", "Lesson03Ex1\Lesson03Ex1.csproj", "{FEA26581-BCA9-4B5C-B050-2C3E511125F9}"
EndProject
Project("{FAE04EC0-301F-11D3-BF4B-00C04F79EFBC}") = "Lesson03Ex3", "Lesson03Ex3\Lesson03Ex3.csproj", "{96D46454-A3C8-4849-A4F3-4527609F8F61}"
EndProject
Project("{FAE04EC0-301F-11D3-BF4B-00C04F79EFBC}") = "Lesson03Ex2", "Lesson03Ex2\Lesson03Ex2.csproj", "{605BDD18-3B83-4E6C-A801-E8B46BEEDC57}"
EndProject
Global
	GlobalSection(SolutionConfigurationPlatforms) = preSolution
		Debug|Any CPU = Debug|Any CPU
		Release|Any CPU = Release|Any CPU
	EndGlobalSection
	GlobalSection(ProjectConfigurationPlatforms) = postSolution
		{FEA26581-BCA9-4B5C-B050-2C3E511125F9}.Debug|Any CPU.ActiveCfg = Debug|Any CPU
		{FEA26581-BCA9-4B5C-B050-2C3E511125F9}.Debug|Any CPU.Build.0 = Debug|Any CPU
		{FEA26581-BCA9-4B5C-B050-2C3E511125F9}.Release|Any CPU.ActiveCfg = Release|Any CPU
		{FEA26581-BCA9-4B5C-B050-2C3E511125F9}.Release|Any CPU.Build.0 = Release|Any CPU
		{96D46454-A3C8-4849-A4F3-4527609F8F61}.Debug|Any CPU.ActiveCfg = Debug|Any CPU
		{96D46454-A3C8-4849-A4F3-4527609F8F61}.Debug|Any CPU.Build.0 = Debug|Any CPU
		{96D46454-A3C8-4849-A4F3-4527609F8F61}.Release|Any CPU.ActiveCfg = Release|Any CPU
		{96D46454-A3C8-4849-A4F3-4527609F8F61}.Release|Any CPU.Build.0 = Release|Any CPU
		{605BDD18-3B83-4E6C-A801-E8B46BEEDC57}.Debug|Any CPU.ActiveCfg = Debug|Any CPU
		{605BDD18-3B83-4E6C-A801-E8B46BEEDC57}.Debug|Any CPU.Build.0 = Debug|Any CPU
		{605BDD18-3B83-4E6C-A801-E8B46BEEDC57}.Release|Any CPU.ActiveCfg = Release|Any CPU
		{605BDD18-3B83-4E6C-A801-E8B46BEEDC57}.Release|Any CPU.Build.0 = Release|Any CPU
	EndGlobalSection
	GlobalSection(SolutionProperties) = preSolution
		HideSolutionNode = FALSE
	EndGlobalSection
	GlobalSection(ExtensibilityGlobals) = postSolution
		SolutionGuid = {1C10E6C5-2401-4BE0-8B5B-D77EC56FC515}
	EndGlobalSection
EndGlobal
